
Microsoft Visual Studio Solution File, Format Version 12.00
# Visual Studio Version 17
VisualStudioVersion = 17.5.33516.290
MinimumVisualStudioVersion = 10.0.40219.1
Project("{FAE04EC0-301F-11D3-BF4B-00C04F79EFBC}") = "SimilarityTextComparison.Blazor", "SimilarityTextComparison.Blazor\SimilarityTextComparison.Blazor.csproj", "{C5FBC512-D8B0-40F1-A0E3-ECDABABEC20E}"
EndProject
Project("{FAE04EC0-301F-11D3-BF4B-00C04F79EFBC}") = "SimilarityTextComparison.Domain", "SimilarityTextComparison.Core\SimilarityTextComparison.Domain.csproj", "{4F9C7675-F788-4048-A8F2-CE69CE6561AA}"
EndProject
Project("{FAE04EC0-301F-11D3-BF4B-00C04F79EFBC}") = "SimilarityTextComparison.Application", "SimilarityTextComparison.Application\SimilarityTextComparison.Application.csproj", "{5BEBCD77-DDB5-45BA-A0EE-25ADF5A5EAD4}"
EndProject
Project("{FAE04EC0-301F-11D3-BF4B-00C04F79EFBC}") = "SimilarityTextComparison.Infrastructure", "SimilarityTextComparison.Infrastructure\SimilarityTextComparison.Infrastructure.csproj", "{4BFF561B-D036-4A7E-91C9-6C58C3F03995}"
EndProject
Project("{54A90642-561A-4BB1-A94E-469ADEE60C69}") = "OriginalSimtexterAppJs", "OriginalSimtexterAppJs\OriginalSimtexterAppJs.esproj", "{FBD6AFE0-0F7F-4D1F-8CB2-298659691214}"
EndProject
Global
	GlobalSection(SolutionConfigurationPlatforms) = preSolution
		Debug|Any CPU = Debug|Any CPU
		Release|Any CPU = Release|Any CPU
	EndGlobalSection
	GlobalSection(ProjectConfigurationPlatforms) = postSolution
		{C5FBC512-D8B0-40F1-A0E3-ECDABABEC20E}.Debug|Any CPU.ActiveCfg = Debug|Any CPU
		{C5FBC512-D8B0-40F1-A0E3-ECDABABEC20E}.Debug|Any CPU.Build.0 = Debug|Any CPU
		{C5FBC512-D8B0-40F1-A0E3-ECDABABEC20E}.Release|Any CPU.ActiveCfg = Release|Any CPU
		{C5FBC512-D8B0-40F1-A0E3-ECDABABEC20E}.Release|Any CPU.Build.0 = Release|Any CPU
		{4F9C7675-F788-4048-A8F2-CE69CE6561AA}.Debug|Any CPU.ActiveCfg = Debug|Any CPU
		{4F9C7675-F788-4048-A8F2-CE69CE6561AA}.Debug|Any CPU.Build.0 = Debug|Any CPU
		{4F9C7675-F788-4048-A8F2-CE69CE6561AA}.Release|Any CPU.ActiveCfg = Release|Any CPU
		{4F9C7675-F788-4048-A8F2-CE69CE6561AA}.Release|Any CPU.Build.0 = Release|Any CPU
		{5BEBCD77-DDB5-45BA-A0EE-25ADF5A5EAD4}.Debug|Any CPU.ActiveCfg = Debug|Any CPU
		{5BEBCD77-DDB5-45BA-A0EE-25ADF5A5EAD4}.Debug|Any CPU.Build.0 = Debug|Any CPU
		{5BEBCD77-DDB5-45BA-A0EE-25ADF5A5EAD4}.Release|Any CPU.ActiveCfg = Release|Any CPU
		{5BEBCD77-DDB5-45BA-A0EE-25ADF5A5EAD4}.Release|Any CPU.Build.0 = Release|Any CPU
		{4BFF561B-D036-4A7E-91C9-6C58C3F03995}.Debug|Any CPU.ActiveCfg = Debug|Any CPU
		{4BFF561B-D036-4A7E-91C9-6C58C3F03995}.Debug|Any CPU.Build.0 = Debug|Any CPU
		{4BFF561B-D036-4A7E-91C9-6C58C3F03995}.Release|Any CPU.ActiveCfg = Release|Any CPU
		{4BFF561B-D036-4A7E-91C9-6C58C3F03995}.Release|Any CPU.Build.0 = Release|Any CPU
		{FBD6AFE0-0F7F-4D1F-8CB2-298659691214}.Debug|Any CPU.ActiveCfg = Debug|Any CPU
		{FBD6AFE0-0F7F-4D1F-8CB2-298659691214}.Debug|Any CPU.Build.0 = Debug|Any CPU
		{FBD6AFE0-0F7F-4D1F-8CB2-298659691214}.Debug|Any CPU.Deploy.0 = Debug|Any CPU
		{FBD6AFE0-0F7F-4D1F-8CB2-298659691214}.Release|Any CPU.ActiveCfg = Release|Any CPU
		{FBD6AFE0-0F7F-4D1F-8CB2-298659691214}.Release|Any CPU.Build.0 = Release|Any CPU
		{FBD6AFE0-0F7F-4D1F-8CB2-298659691214}.Release|Any CPU.Deploy.0 = Release|Any CPU
	EndGlobalSection
	GlobalSection(SolutionProperties) = preSolution
		HideSolutionNode = FALSE
	EndGlobalSection
	GlobalSection(ExtensibilityGlobals) = postSolution
		SolutionGuid = {24B1AEE2-1B12-4093-9C29-DA8716ADE775}
	EndGlobalSection
EndGlobal
